
Microsoft Visual Studio Solution File, Format Version 12.00
# Visual Studio Version 17
VisualStudioVersion = 17.8.34322.80
MinimumVisualStudioVersion = 10.0.40219.1
Project("{FAE04EC0-301F-11D3-BF4B-00C04F79EFBC}") = "StudentManagementSystem", "StudentManagementSystem\StudentManagementSystem.csproj", "{174A827F-1D9D-41F8-84F1-F0F688F588FD}"
EndProject
Global
	GlobalSection(SolutionConfigurationPlatforms) = preSolution
		Debug|Any CPU = Debug|Any CPU
		Release|Any CPU = Release|Any CPU
	EndGlobalSection
	GlobalSection(ProjectConfigurationPlatforms) = postSolution
		{174A827F-1D9D-41F8-84F1-F0F688F588FD}.Debug|Any CPU.ActiveCfg = Debug|Any CPU
		{174A827F-1D9D-41F8-84F1-F0F688F588FD}.Debug|Any CPU.Build.0 = Debug|Any CPU
		{174A827F-1D9D-41F8-84F1-F0F688F588FD}.Release|Any CPU.ActiveCfg = Release|Any CPU
		{174A827F-1D9D-41F8-84F1-F0F688F588FD}.Release|Any CPU.Build.0 = Release|Any CPU
	EndGlobalSection
	GlobalSection(SolutionProperties) = preSolution
		HideSolutionNode = FALSE
	EndGlobalSection
	GlobalSection(ExtensibilityGlobals) = postSolution
		SolutionGuid = {679E3F87-EFC0-409F-B195-E18D7BD966F7}
	EndGlobalSection
EndGlobal
